
Microsoft Visual Studio Solution File, Format Version 12.00
# Visual Studio 15
VisualStudioVersion = 15.0.28010.0
MinimumVisualStudioVersion = 10.0.40219.1
Project("{FAE04EC0-301F-11D3-BF4B-00C04F79EFBC}") = "NearestNeighbour2DAlgos", "NearestNeighbour2DAlgos\NearestNeighbour2DAlgos.csproj", "{45895239-F86E-46C7-89CA-3B8E0DA76697}"
EndProject
Global
	GlobalSection(SolutionConfigurationPlatforms) = preSolution
		Debug|Any CPU = Debug|Any CPU
		Release|Any CPU = Release|Any CPU
	EndGlobalSection
	GlobalSection(ProjectConfigurationPlatforms) = postSolution
		{45895239-F86E-46C7-89CA-3B8E0DA76697}.Debug|Any CPU.ActiveCfg = Debug|Any CPU
		{45895239-F86E-46C7-89CA-3B8E0DA76697}.Debug|Any CPU.Build.0 = Debug|Any CPU
		{45895239-F86E-46C7-89CA-3B8E0DA76697}.Release|Any CPU.ActiveCfg = Release|Any CPU
		{45895239-F86E-46C7-89CA-3B8E0DA76697}.Release|Any CPU.Build.0 = Release|Any CPU
	EndGlobalSection
	GlobalSection(SolutionProperties) = preSolution
		HideSolutionNode = FALSE
	EndGlobalSection
	GlobalSection(ExtensibilityGlobals) = postSolution
		SolutionGuid = {A7AAB0E2-E454-469C-958B-12F388F6A652}
	EndGlobalSection
EndGlobal
